{
  "name": "itools",
  "lockfileVersion": 2,
  "requires": true,
  "packages": {
    "": {
      "name": "itools",
      "workspaces": [
        "packages/*/backend",
        "packages/*/frontend"
      ]
    },
    "node_modules/irms-backend": {
      "resolved": "packages/irms/backend",
      "link": true
    },
    "node_modules/irms-frontend": {
      "resolved": "packages/irms/frontend",
      "link": true
    },
    "node_modules/itrade-backend": {
      "resolved": "packages/itrade/backend",
      "link": true
    },
    "node_modules/itrade-frontend": {
      "resolved": "packages/itrade/frontend",
      "link": true
    },
    "packages/irms/backend": {
      "name": "irms-backend",
      "version": "0.1.0"
    },
    "packages/irms/frontend": {
      "name": "irms-frontend",
      "version": "0.1.0"
    },
    "packages/itrade/backend": {
      "name": "itrade-backend",
      "version": "0.1.0"
    },
    "packages/itrade/frontend": {
      "name": "itrade-frontend",
      "version": "0.1.0"
    }
  },
  "dependencies": {
    "irms-backend": {
      "version": "file:packages/irms/backend"
    },
    "irms-frontend": {
      "version": "file:packages/irms/frontend"
    },
    "itrade-backend": {
      "version": "file:packages/itrade/backend"
    },
    "itrade-frontend": {
      "version": "file:packages/itrade/frontend"
    }
  }
}
